
Microsoft Visual Studio Solution File, Format Version 12.00
# Visual Studio Version 16
VisualStudioVersion = 16.0.30907.101
MinimumVisualStudioVersion = 10.0.40219.1
Project("{FAE04EC0-301F-11D3-BF4B-00C04F79EFBC}") = "EntityFrameworkDemo", "EntityFrameworkDemo\EntityFrameworkDemo.csproj", "{F7DB07B1-ADB3-489C-BD83-FCC9566A3676}"
EndProject
Global
	GlobalSection(SolutionConfigurationPlatforms) = preSolution
		Debug|Any CPU = Debug|Any CPU
		Release|Any CPU = Release|Any CPU
	EndGlobalSection
	GlobalSection(ProjectConfigurationPlatforms) = postSolution
		{F7DB07B1-ADB3-489C-BD83-FCC9566A3676}.Debug|Any CPU.ActiveCfg = Debug|Any CPU
		{F7DB07B1-ADB3-489C-BD83-FCC9566A3676}.Debug|Any CPU.Build.0 = Debug|Any CPU
		{F7DB07B1-ADB3-489C-BD83-FCC9566A3676}.Release|Any CPU.ActiveCfg = Release|Any CPU
		{F7DB07B1-ADB3-489C-BD83-FCC9566A3676}.Release|Any CPU.Build.0 = Release|Any CPU
	EndGlobalSection
	GlobalSection(SolutionProperties) = preSolution
		HideSolutionNode = FALSE
	EndGlobalSection
	GlobalSection(ExtensibilityGlobals) = postSolution
		SolutionGuid = {3D1DBABA-92BB-4165-9F91-2071077B4C4B}
	EndGlobalSection
EndGlobal
